// !$*UTF8*$!
{
	archiveVersion = 1;
	classes = {
	};
	objectVersion = 55;
	objects = {

/* Begin PBXBuildFile section */
		4B135BA0273537E2006C4085 /* AppDelegate.swift in Sources */ = {isa = PBXBuildFile; fileRef = 4B135B9F273537E2006C4085 /* AppDelegate.swift */; };
		4B135BA2273537E2006C4085 /* SceneDelegate.swift in Sources */ = {isa = PBXBuildFile; fileRef = 4B135BA1273537E2006C4085 /* SceneDelegate.swift */; };
		4B135BA4273537E2006C4085 /* ViewController.swift in Sources */ = {isa = PBXBuildFile; fileRef = 4B135BA3273537E2006C4085 /* ViewController.swift */; };
		4B135BA7273537E2006C4085 /* Main.storyboard in Resources */ = {isa = PBXBuildFile; fileRef = 4B135BA5273537E2006C4085 /* Main.storyboard */; };
		4B135BA9273537E5006C4085 /* Assets.xcassets in Resources */ = {isa = PBXBuildFile; fileRef = 4B135BA8273537E5006C4085 /* Assets.xcassets */; };
		4B135BAC273537E5006C4085 /* LaunchScreen.storyboard in Resources */ = {isa = PBXBuildFile; fileRef = 4B135BAA273537E5006C4085 /* LaunchScreen.storyboard */; };
		4B135BB427353800006C4085 /* Layout.swift in Sources */ = {isa = PBXBuildFile; fileRef = 4B135BB327353800006C4085 /* Layout.swift */; };
		4B135BB627353C69006C4085 /* CarouselCell.swift in Sources */ = {isa = PBXBuildFile; fileRef = 4B135BB527353C69006C4085 /* CarouselCell.swift */; };
		4B135BB827353DDF006C4085 /* Programmatic.swift in Sources */ = {isa = PBXBuildFile; fileRef = 4B135BB727353DDF006C4085 /* Programmatic.swift */; };
		4B135BBA27354DD8006C4085 /* CarouselPageFooter.swift in Sources */ = {isa = PBXBuildFile; fileRef = 4B135BB927354DD8006C4085 /* CarouselPageFooter.swift */; };
		4B135BBC27354EA6006C4085 /* SectionHeader.swift in Sources */ = {isa = PBXBuildFile; fileRef = 4B135BBB27354EA6006C4085 /* SectionHeader.swift */; };
/* End PBXBuildFile section */

/* Begin PBXFileReference section */
		4B135B9C273537E2006C4085 /* CarouselTest.app */ = {isa = PBXFileReference; explicitFileType = wrapper.application; includeInIndex = 0; path = CarouselTest.app; sourceTree = BUILT_PRODUCTS_DIR; };
		4B135B9F273537E2006C4085 /* AppDelegate.swift */ = {isa = PBXFileReference; lastKnownFileType = sourcecode.swift; path = AppDelegate.swift; sourceTree = "<group>"; };
		4B135BA1273537E2006C4085 /* SceneDelegate.swift */ = {isa = PBXFileReference; lastKnownFileType = sourcecode.swift; path = SceneDelegate.swift; sourceTree = "<group>"; };
		4B135BA3273537E2006C4085 /* ViewController.swift */ = {isa = PBXFileReference; lastKnownFileType = sourcecode.swift; path = ViewController.swift; sourceTree = "<group>"; };
		4B135BA6273537E2006C4085 /* Base */ = {isa = PBXFileReference; lastKnownFileType = file.storyboard; name = Base; path = Base.lproj/Main.storyboard; sourceTree = "<group>"; };
		4B135BA8273537E5006C4085 /* Assets.xcassets */ = {isa = PBXFileReference; lastKnownFileType = folder.assetcatalog; path = Assets.xcassets; sourceTree = "<group>"; };
		4B135BAB273537E5006C4085 /* Base */ = {isa = PBXFileReference; lastKnownFileType = file.storyboard; name = Base; path = Base.lproj/LaunchScreen.storyboard; sourceTree = "<group>"; };
		4B135BAD273537E5006C4085 /* Info.plist */ = {isa = PBXFileReference; lastKnownFileType = text.plist.xml; path = Info.plist; sourceTree = "<group>"; };
		4B135BB327353800006C4085 /* Layout.swift */ = {isa = PBXFileReference; lastKnownFileType = sourcecode.swift; path = Layout.swift; sourceTree = "<group>"; };
		4B135BB527353C69006C4085 /* CarouselCell.swift */ = {isa = PBXFileReference; lastKnownFileType = sourcecode.swift; path = CarouselCell.swift; sourceTree = "<group>"; };
		4B135BB727353DDF006C4085 /* Programmatic.swift */ = {isa = PBXFileReference; lastKnownFileType = sourcecode.swift; path = Programmatic.swift; sourceTree = "<group>"; };
		4B135BB927354DD8006C4085 /* CarouselPageFooter.swift */ = {isa = PBXFileReference; lastKnownFileType = sourcecode.swift; path = CarouselPageFooter.swift; sourceTree = "<group>"; };
		4B135BBB27354EA6006C4085 /* SectionHeader.swift */ = {isa = PBXFileReference; lastKnownFileType = sourcecode.swift; path = SectionHeader.swift; sourceTree = "<group>"; };
/* End PBXFileReference section */

/* Begin PBXFrameworksBuildPhase section */
		4B135B99273537E2006C4085 /* Frameworks */ = {
			isa = PBXFrameworksBuildPhase;
			buildActionMask = 2147483647;
			files = (
			);
			runOnlyForDeploymentPostprocessing = 0;
		};
/* End PBXFrameworksBuildPhase section */

/* Begin PBXGroup section */
		4B135B93273537E1006C4085 = {
			isa = PBXGroup;
			children = (
				4B135B9E273537E2006C4085 /* CarouselTest */,
				4B135B9D273537E2006C4085 /* Products */,
			);
			sourceTree = "<group>";
		};
		4B135B9D273537E2006C4085 /* Products */ = {
			isa = PBXGroup;
			children = (
				4B135B9C273537E2006C4085 /* CarouselTest.app */,
			);
			name = Products;
			sourceTree = "<group>";
		};
		4B135B9E273537E2006C4085 /* CarouselTest */ = {
			isa = PBXGroup;
			children = (
				4B135BBF27355B4D006C4085 /* Supporting Files */,
				4B135BA3273537E2006C4085 /* ViewController.swift */,
				4B135BB327353800006C4085 /* Layout.swift */,
				4B135BB927354DD8006C4085 /* CarouselPageFooter.swift */,
				4B135BBB27354EA6006C4085 /* SectionHeader.swift */,
				4B135BB527353C69006C4085 /* CarouselCell.swift */,
				4B135BBD27355A86006C4085 /* Helper */,
			);
			path = CarouselTest;
			sourceTree = "<group>";
		};
		4B135BBD27355A86006C4085 /* Helper */ = {
			isa = PBXGroup;
			children = (
				4B135BB727353DDF006C4085 /* Programmatic.swift */,
			);
			path = Helper;
			sourceTree = "<group>";
		};
		4B135BBF27355B4D006C4085 /* Supporting Files */ = {
			isa = PBXGroup;
			children = (
				4B135B9F273537E2006C4085 /* AppDelegate.swift */,
				4B135BA1273537E2006C4085 /* SceneDelegate.swift */,
				4B135BA5273537E2006C4085 /* Main.storyboard */,
				4B135BAA273537E5006C4085 /* LaunchScreen.storyboard */,
				4B135BA8273537E5006C4085 /* Assets.xcassets */,
				4B135BAD273537E5006C4085 /* Info.plist */,
			);
			name = "Supporting Files";
			sourceTree = "<group>";
		};
/* End PBXGroup section */

/* Begin PBXNativeTarget section */
		4B135B9B273537E2006C4085 /* CarouselTest */ = {
			isa = PBXNativeTarget;
			buildConfigurationList = 4B135BB0273537E5006C4085 /* Build configuration list for PBXNativeTarget "CarouselTest" */;
			buildPhases = (
				4B135B98273537E2006C4085 /* Sources */,
				4B135B99273537E2006C4085 /* Frameworks */,
				4B135B9A273537E2006C4085 /* Resources */,
			);
			buildRules = (
			);
			dependencies = (
			);
			name = CarouselTest;
			productName = CarouselTest;
			productReference = 4B135B9C273537E2006C4085 /* CarouselTest.app */;
			productType = "com.apple.product-type.application";
		};
/* End PBXNativeTarget section */

/* Begin PBXProject section */
		4B135B94273537E1006C4085 /* Project object */ = {
			isa = PBXProject;
			attributes = {
				BuildIndependentTargetsInParallel = 1;
				LastSwiftUpdateCheck = 1300;
				LastUpgradeCheck = 1300;
				TargetAttributes = {
					4B135B9B273537E2006C4085 = {
						CreatedOnToolsVersion = 13.0;
					};
				};
			};
			buildConfigurationList = 4B135B97273537E2006C4085 /* Build configuration list for PBXProject "CarouselTest" */;
			compatibilityVersion = "Xcode 13.0";
			developmentRegion = en;
			hasScannedForEncodings = 0;
			knownRegions = (
				en,
				Base,
			);
			mainGroup = 4B135B93273537E1006C4085;
			productRefGroup = 4B135B9D273537E2006C4085 /* Products */;
			projectDirPath = "";
			projectRoot = "";
			targets = (
				4B135B9B273537E2006C4085 /* CarouselTest */,
			);
		};
/* End PBXProject section */

/* Begin PBXResourcesBuildPhase section */
		4B135B9A273537E2006C4085 /* Resources */ = {
			isa = PBXResourcesBuildPhase;
			buildActionMask = 2147483647;
			files = (
				4B135BAC273537E5006C4085 /* LaunchScreen.storyboard in Resources */,
				4B135BA9273537E5006C4085 /* Assets.xcassets in Resources */,
				4B135BA7273537E2006C4085 /* Main.storyboard in Resources */,
			);
			runOnlyForDeploymentPostprocessing = 0;
		};
/* End PBXResourcesBuildPhase section */

/* Begin PBXSourcesBuildPhase section */
		4B135B98273537E2006C4085 /* Sources */ = {
			isa = PBXSourcesBuildPhase;
			buildActionMask = 2147483647;
			files = (
				4B135BBA27354DD8006C4085 /* CarouselPageFooter.swift in Sources */,
				4B135BA4273537E2006C4085 /* ViewController.swift in Sources */,
				4B135BB827353DDF006C4085 /* Programmatic.swift in Sources */,
				4B135BA0273537E2006C4085 /* AppDelegate.swift in Sources */,
				4B135BBC27354EA6006C4085 /* SectionHeader.swift in Sources */,
				4B135BA2273537E2006C4085 /* SceneDelegate.swift in Sources */,
				4B135BB427353800006C4085 /* Layout.swift in Sources */,
				4B135BB627353C69006C4085 /* CarouselCell.swift in Sources */,
			);
			runOnlyForDeploymentPostprocessing = 0;
		};
/* End PBXSourcesBuildPhase section */

/* Begin PBXVariantGroup section */
		4B135BA5273537E2006C4085 /* Main.storyboard */ = {
			isa = PBXVariantGroup;
			children = (
				4B135BA6273537E2006C4085 /* Base */,
			);
			name = Main.storyboard;
			sourceTree = "<group>";
		};
		4B135BAA273537E5006C4085 /* LaunchScreen.storyboard */ = {
			isa = PBXVariantGroup;
			children = (
				4B135BAB273537E5006C4085 /* Base */,
			);
			name = LaunchScreen.storyboard;
			sourceTree = "<group>";
		};
/* End PBXVariantGroup section */

/* Begin XCBuildConfiguration section */
		4B135BAE273537E5006C4085 /* Debug */ = {
			isa = XCBuildConfiguration;
			buildSettings = {
				ALWAYS_SEARCH_USER_PATHS = NO;
				CLANG_ANALYZER_NONNULL = YES;
				CLANG_ANALYZER_NUMBER_OBJECT_CONVERSION = YES_AGGRESSIVE;
				CLANG_CXX_LANGUAGE_STANDARD = "gnu++17";
				CLANG_CXX_LIBRARY = "libc++";
				CLANG_ENABLE_MODULES = YES;
				CLANG_ENABLE_OBJC_ARC = YES;
				CLANG_ENABLE_OBJC_WEAK = YES;
				CLANG_WARN_BLOCK_CAPTURE_AUTORELEASING = YES;
				CLANG_WARN_BOOL_CONVERSION = YES;
				CLANG_WARN_COMMA = YES;
				CLANG_WARN_CONSTANT_CONVERSION = YES;
				CLANG_WARN_DEPRECATED_OBJC_IMPLEMENTATIONS = YES;
				CLANG_WARN_DIRECT_OBJC_ISA_USAGE = YES_ERROR;
				CLANG_WARN_DOCUMENTATION_COMMENTS = YES;
				CLANG_WARN_EMPTY_BODY = YES;
				CLANG_WARN_ENUM_CONVERSION = YES;
				CLANG_WARN_INFINITE_RECURSION = YES;
				CLANG_WARN_INT_CONVERSION = YES;
				CLANG_WARN_NON_LITERAL_NULL_CONVERSION = YES;
				CLANG_WARN_OBJC_IMPLICIT_RETAIN_SELF = YES;
				CLANG_WARN_OBJC_LITERAL_CONVERSION = YES;
				CLANG_WARN_OBJC_ROOT_CLASS = YES_ERROR;
				CLANG_WARN_QUOTED_INCLUDE_IN_FRAMEWORK_HEADER = YES;
				CLANG_WARN_RANGE_LOOP_ANALYSIS = YES;
				CLANG_WARN_STRICT_PROTOTYPES = YES;
				CLANG_WARN_SUSPICIOUS_MOVE = YES;
				CLANG_WARN_UNGUARDED_AVAILABILITY = YES_AGGRESSIVE;
				CLANG_WARN_UNREACHABLE_CODE = YES;
				CLANG_WARN__DUPLICATE_METHOD_MATCH = YES;
				COPY_PHASE_STRIP = NO;
				DEBUG_INFORMATION_FORMAT = dwarf;
				ENABLE_STRICT_OBJC_MSGSEND = YES;
				ENABLE_TESTABILITY = YES;
				GCC_C_LANGUAGE_STANDARD = gnu11;
				GCC_DYNAMIC_NO_PIC = NO;
				GCC_NO_COMMON_BLOCKS = YES;
				GCC_OPTIMIZATION_LEVEL = 0;
				GCC_PREPROCESSOR_DEFINITIONS = (
					"DEBUG=1",
					"$(inherited)",
				);
				GCC_WARN_64_TO_32_BIT_CONVERSION = YES;
				GCC_WARN_ABOUT_RETURN_TYPE = YES_ERROR;
				GCC_WARN_UNDECLARED_SELECTOR = YES;
				GCC_WARN_UNINITIALIZED_AUTOS = YES_AGGRESSIVE;
				GCC_WARN_UNUSED_FUNCTION = YES;
				GCC_WARN_UNUSED_VARIABLE = YES;
				IPHONEOS_DEPLOYMENT_TARGET = 15.0;
				MTL_ENABLE_DEBUG_INFO = INCLUDE_SOURCE;
				MTL_FAST_MATH = YES;
				ONLY_ACTIVE_ARCH = YES;
				SDKROOT = iphoneos;
				SWIFT_ACTIVE_COMPILATION_CONDITIONS = DEBUG;
				SWIFT_OPTIMIZATION_LEVEL = "-Onone";
			};
			name = Debug;
		};
		4B135BAF273537E5006C4085 /* Release */ = {
			isa = XCBuildConfiguration;
			buildSettings = {
				ALWAYS_SEARCH_USER_PATHS = NO;
				CLANG_ANALYZER_NONNULL = YES;
				CLANG_ANALYZER_NUMBER_OBJECT_CONVERSION = YES_AGGRESSIVE;
				CLANG_CXX_LANGUAGE_STANDARD = "gnu++17";
				CLANG_CXX_LIBRARY = "libc++";
				CLANG_ENABLE_MODULES = YES;
				CLANG_ENABLE_OBJC_ARC = YES;
				CLANG_ENABLE_OBJC_WEAK = YES;
				CLANG_WARN_BLOCK_CAPTURE_AUTORELEASING = YES;
				CLANG_WARN_BOOL_CONVERSION = YES;
				CLANG_WARN_COMMA = YES;
				CLANG_WARN_CONSTANT_CONVERSION = YES;
				CLANG_WARN_DEPRECATED_OBJC_IMPLEMENTATIONS = YES;
				CLANG_WARN_DIRECT_OBJC_ISA_USAGE = YES_ERROR;
				CLANG_WARN_DOCUMENTATION_COMMENTS = YES;
				CLANG_WARN_EMPTY_BODY = YES;
				CLANG_WARN_ENUM_CONVERSION = YES;
				CLANG_WARN_INFINITE_RECURSION = YES;
				CLANG_WARN_INT_CONVERSION = YES;
				CLANG_WARN_NON_LITERAL_NULL_CONVERSION = YES;
				CLANG_WARN_OBJC_IMPLICIT_RETAIN_SELF = YES;
				CLANG_WARN_OBJC_LITERAL_CONVERSION = YES;
				CLANG_WARN_OBJC_ROOT_CLASS = YES_ERROR;
				CLANG_WARN_QUOTED_INCLUDE_IN_FRAMEWORK_HEADER = YES;
				CLANG_WARN_RANGE_LOOP_ANALYSIS = YES;
				CLANG_WARN_STRICT_PROTOTYPES = YES;
				CLANG_WARN_SUSPICIOUS_MOVE = YES;
				CLANG_WARN_UNGUARDED_AVAILABILITY = YES_AGGRESSIVE;
				CLANG_WARN_UNREACHABLE_CODE = YES;
				CLANG_WARN__DUPLICATE_METHOD_MATCH = YES;
				COPY_PHASE_STRIP = NO;
				DEBUG_INFORMATION_FORMAT = "dwarf-with-dsym";
				ENABLE_NS_ASSERTIONS = NO;
				ENABLE_STRICT_OBJC_MSGSEND = YES;
				GCC_C_LANGUAGE_STANDARD = gnu11;
				GCC_NO_COMMON_BLOCKS = YES;
				GCC_WARN_64_TO_32_BIT_CONVERSION = YES;
				GCC_WARN_ABOUT_RETURN_TYPE = YES_ERROR;
				GCC_WARN_UNDECLARED_SELECTOR = YES;
				GCC_WARN_UNINITIALIZED_AUTOS = YES_AGGRESSIVE;
				GCC_WARN_UNUSED_FUNCTION = YES;
				GCC_WARN_UNUSED_VARIABLE = YES;
				IPHONEOS_DEPLOYMENT_TARGET = 15.0;
				MTL_ENABLE_DEBUG_INFO = NO;
				MTL_FAST_MATH = YES;
				SDKROOT = iphoneos;
				SWIFT_COMPILATION_MODE = wholemodule;
				SWIFT_OPTIMIZATION_LEVEL = "-O";
				VALIDATE_PRODUCT = YES;
			};
			name = Release;
		};
		4B135BB1273537E5006C4085 /* Debug */ = {
			isa = XCBuildConfiguration;
			buildSettings = {
				ASSETCATALOG_COMPILER_APPICON_NAME = AppIcon;
				ASSETCATALOG_COMPILER_GLOBAL_ACCENT_COLOR_NAME = AccentColor;
				CODE_SIGN_STYLE = Automatic;
				CURRENT_PROJECT_VERSION = 1;
				DEVELOPMENT_TEAM = PR8FMJXFAY;
				GENERATE_INFOPLIST_FILE = YES;
				INFOPLIST_FILE = CarouselTest/Info.plist;
				INFOPLIST_KEY_UIApplicationSupportsIndirectInputEvents = YES;
				INFOPLIST_KEY_UILaunchStoryboardName = LaunchScreen;
				INFOPLIST_KEY_UIMainStoryboardFile = Main;
				INFOPLIST_KEY_UISupportedInterfaceOrientations_iPad = "UIInterfaceOrientationPortrait UIInterfaceOrientationPortraitUpsideDown UIInterfaceOrientationLandscapeLeft UIInterfaceOrientationLandscapeRight";
				INFOPLIST_KEY_UISupportedInterfaceOrientations_iPhone = "UIInterfaceOrientationPortrait UIInterfaceOrientationLandscapeLeft UIInterfaceOrientationLandscapeRight";
				LD_RUNPATH_SEARCH_PATHS = (
					"$(inherited)",
					"@executable_path/Frameworks",
				);
				MARKETING_VERSION = 1.0;
				PRODUCT_BUNDLE_IDENTIFIER = com.mls.CarouselTest;
				PRODUCT_NAME = "$(TARGET_NAME)";
				SWIFT_EMIT_LOC_STRINGS = YES;
				SWIFT_VERSION = 5.0;
				TARGETED_DEVICE_FAMILY = "1,2";
			};
			name = Debug;
		};
		4B135BB2273537E5006C4085 /* Release */ = {
			isa = XCBuildConfiguration;
			buildSettings = {
				ASSETCATALOG_COMPILER_APPICON_NAME = AppIcon;
				ASSETCATALOG_COMPILER_GLOBAL_ACCENT_COLOR_NAME = AccentColor;
				CODE_SIGN_STYLE = Automatic;
				CURRENT_PROJECT_VERSION = 1;
				DEVELOPMENT_TEAM = PR8FMJXFAY;
				GENERATE_INFOPLIST_FILE = YES;
				INFOPLIST_FILE = CarouselTest/Info.plist;
				INFOPLIST_KEY_UIApplicationSupportsIndirectInputEvents = YES;
				INFOPLIST_KEY_UILaunchStoryboardName = LaunchScreen;
				INFOPLIST_KEY_UIMainStoryboardFile = Main;
				INFOPLIST_KEY_UISupportedInterfaceOrientations_iPad = "UIInterfaceOrientationPortrait UIInterfaceOrientationPortraitUpsideDown UIInterfaceOrientationLandscapeLeft UIInterfaceOrientationLandscapeRight";
				INFOPLIST_KEY_UISupportedInterfaceOrientations_iPhone = "UIInterfaceOrientationPortrait UIInterfaceOrientationLandscapeLeft UIInterfaceOrientationLandscapeRight";
				LD_RUNPATH_SEARCH_PATHS = (
					"$(inherited)",
					"@executable_path/Frameworks",
				);
				MARKETING_VERSION = 1.0;
				PRODUCT_BUNDLE_IDENTIFIER = com.mls.CarouselTest;
				PRODUCT_NAME = "$(TARGET_NAME)";
				SWIFT_EMIT_LOC_STRINGS = YES;
				SWIFT_VERSION = 5.0;
				TARGETED_DEVICE_FAMILY = "1,2";
			};
			name = Release;
		};
/* End XCBuildConfiguration section */

/* Begin XCConfigurationList section */
		4B135B97273537E2006C4085 /* Build configuration list for PBXProject "CarouselTest" */ = {
			isa = XCConfigurationList;
			buildConfigurations = (
				4B135BAE273537E5006C4085 /* Debug */,
				4B135BAF273537E5006C4085 /* Release */,
			);
			defaultConfigurationIsVisible = 0;
			defaultConfigurationName = Release;
		};
		4B135BB0273537E5006C4085 /* Build configuration list for PBXNativeTarget "CarouselTest" */ = {
			isa = XCConfigurationList;
			buildConfigurations = (
				4B135BB1273537E5006C4085 /* Debug */,
				4B135BB2273537E5006C4085 /* Release */,
			);
			defaultConfigurationIsVisible = 0;
			defaultConfigurationName = Release;
		};
/* End XCConfigurationList section */
	};
	rootObject = 4B135B94273537E1006C4085 /* Project object */;
}
